
Microsoft Visual Studio Solution File, Format Version 12.00
# Visual Studio Version 16
VisualStudioVersion = 16.0.31005.135
MinimumVisualStudioVersion = 10.0.40219.1
Project("{FAE04EC0-301F-11D3-BF4B-00C04F79EFBC}") = "Ejer3", "Ejer3\Ejer3.csproj", "{DD09EC60-07A6-4CE2-9367-DCF9DC720EB9}"
EndProject
Project("{FAE04EC0-301F-11D3-BF4B-00C04F79EFBC}") = "WindowsFormsApp1", "WindowsFormsApp1\WindowsFormsApp1.csproj", "{1B0F1806-1A8D-43B6-8ED1-6E45538AD933}"
EndProject
Global
	GlobalSection(SolutionConfigurationPlatforms) = preSolution
		Debug|Any CPU = Debug|Any CPU
		Release|Any CPU = Release|Any CPU
	EndGlobalSection
	GlobalSection(ProjectConfigurationPlatforms) = postSolution
		{DD09EC60-07A6-4CE2-9367-DCF9DC720EB9}.Debug|Any CPU.ActiveCfg = Debug|Any CPU
		{DD09EC60-07A6-4CE2-9367-DCF9DC720EB9}.Debug|Any CPU.Build.0 = Debug|Any CPU
		{DD09EC60-07A6-4CE2-9367-DCF9DC720EB9}.Release|Any CPU.ActiveCfg = Release|Any CPU
		{DD09EC60-07A6-4CE2-9367-DCF9DC720EB9}.Release|Any CPU.Build.0 = Release|Any CPU
		{1B0F1806-1A8D-43B6-8ED1-6E45538AD933}.Debug|Any CPU.ActiveCfg = Debug|Any CPU
		{1B0F1806-1A8D-43B6-8ED1-6E45538AD933}.Debug|Any CPU.Build.0 = Debug|Any CPU
		{1B0F1806-1A8D-43B6-8ED1-6E45538AD933}.Release|Any CPU.ActiveCfg = Release|Any CPU
		{1B0F1806-1A8D-43B6-8ED1-6E45538AD933}.Release|Any CPU.Build.0 = Release|Any CPU
	EndGlobalSection
	GlobalSection(SolutionProperties) = preSolution
		HideSolutionNode = FALSE
	EndGlobalSection
	GlobalSection(ExtensibilityGlobals) = postSolution
		SolutionGuid = {784B224A-E85C-4DE2-8783-357E5A5D2AA1}
	EndGlobalSection
EndGlobal
