
Microsoft Visual Studio Solution File, Format Version 12.00
# Visual Studio Version 16
VisualStudioVersion = 16.0.31005.135
MinimumVisualStudioVersion = 10.0.40219.1
Project("{FAE04EC0-301F-11D3-BF4B-00C04F79EFBC}") = "Ejer8RepasoSERV", "Ejer8RepasoSERV\Ejer8RepasoSERV.csproj", "{39DB6204-2C7B-47C4-B285-5416EEA0E551}"
EndProject
Global
	GlobalSection(SolutionConfigurationPlatforms) = preSolution
		Debug|Any CPU = Debug|Any CPU
		Release|Any CPU = Release|Any CPU
	EndGlobalSection
	GlobalSection(ProjectConfigurationPlatforms) = postSolution
		{39DB6204-2C7B-47C4-B285-5416EEA0E551}.Debug|Any CPU.ActiveCfg = Debug|Any CPU
		{39DB6204-2C7B-47C4-B285-5416EEA0E551}.Debug|Any CPU.Build.0 = Debug|Any CPU
		{39DB6204-2C7B-47C4-B285-5416EEA0E551}.Release|Any CPU.ActiveCfg = Release|Any CPU
		{39DB6204-2C7B-47C4-B285-5416EEA0E551}.Release|Any CPU.Build.0 = Release|Any CPU
	EndGlobalSection
	GlobalSection(SolutionProperties) = preSolution
		HideSolutionNode = FALSE
	EndGlobalSection
	GlobalSection(ExtensibilityGlobals) = postSolution
		SolutionGuid = {49B463DB-965A-4BB6-B65E-948C73C3888A}
	EndGlobalSection
EndGlobal
