
Microsoft Visual Studio Solution File, Format Version 12.00
# Visual Studio Version 16
VisualStudioVersion = 16.0.29123.88
MinimumVisualStudioVersion = 10.0.40219.1
Project("{FAE04EC0-301F-11D3-BF4B-00C04F79EFBC}") = "Ejer1Repaso", "Ejer1Repaso\Ejer1Repaso.csproj", "{747F8786-7B2D-4B02-8399-0E2309A7D517}"
EndProject
Global
	GlobalSection(SolutionConfigurationPlatforms) = preSolution
		Debug|Any CPU = Debug|Any CPU
		Release|Any CPU = Release|Any CPU
	EndGlobalSection
	GlobalSection(ProjectConfigurationPlatforms) = postSolution
		{747F8786-7B2D-4B02-8399-0E2309A7D517}.Debug|Any CPU.ActiveCfg = Debug|Any CPU
		{747F8786-7B2D-4B02-8399-0E2309A7D517}.Debug|Any CPU.Build.0 = Debug|Any CPU
		{747F8786-7B2D-4B02-8399-0E2309A7D517}.Release|Any CPU.ActiveCfg = Release|Any CPU
		{747F8786-7B2D-4B02-8399-0E2309A7D517}.Release|Any CPU.Build.0 = Release|Any CPU
	EndGlobalSection
	GlobalSection(SolutionProperties) = preSolution
		HideSolutionNode = FALSE
	EndGlobalSection
	GlobalSection(ExtensibilityGlobals) = postSolution
		SolutionGuid = {7FA34131-5AE9-4512-B283-03472B9D36D5}
	EndGlobalSection
EndGlobal
